// !$*UTF8*$!
{
	archiveVersion = 1;
	classes = {
	};
	objectVersion = 50;
	objects = {

/* Begin PBXBuildFile section */
		2F7A78A7FD33552AF183B2B4 /* Pods_STRVWeather.framework in Frameworks */ = {isa = PBXBuildFile; fileRef = 0A2C66717461A797F5CA80C4 /* Pods_STRVWeather.framework */; };
		997F991320E37D2C00E95159 /* STRVWeatherTests.swift in Sources */ = {isa = PBXBuildFile; fileRef = 997F991220E37D2C00E95159 /* STRVWeatherTests.swift */; };
		997F991B20E38D7200E95159 /* Log.swift in Sources */ = {isa = PBXBuildFile; fileRef = 997F991A20E38D7200E95159 /* Log.swift */; };
		997F991E20E3B62A00E95159 /* RealmManager.swift in Sources */ = {isa = PBXBuildFile; fileRef = 997F991D20E3B62A00E95159 /* RealmManager.swift */; };
		997F992220E4391C00E95159 /* GoogleService-Info.plist in Resources */ = {isa = PBXBuildFile; fileRef = 997F992120E4391C00E95159 /* GoogleService-Info.plist */; };
		99C96C0520E281BC00974920 /* AppDelegate.swift in Sources */ = {isa = PBXBuildFile; fileRef = 99C96C0420E281BC00974920 /* AppDelegate.swift */; };
		99C96C0720E281BC00974920 /* TodayViewController.swift in Sources */ = {isa = PBXBuildFile; fileRef = 99C96C0620E281BC00974920 /* TodayViewController.swift */; };
		99C96C0A20E281BC00974920 /* Main.storyboard in Resources */ = {isa = PBXBuildFile; fileRef = 99C96C0820E281BC00974920 /* Main.storyboard */; };
		99C96C0C20E281BD00974920 /* Assets.xcassets in Resources */ = {isa = PBXBuildFile; fileRef = 99C96C0B20E281BD00974920 /* Assets.xcassets */; };
		99C96C0F20E281BD00974920 /* LaunchScreen.storyboard in Resources */ = {isa = PBXBuildFile; fileRef = 99C96C0D20E281BD00974920 /* LaunchScreen.storyboard */; };
		99C96C2920E283B300974920 /* ProximaNova-Semibold.otf in Resources */ = {isa = PBXBuildFile; fileRef = 99C96C2520E283B200974920 /* ProximaNova-Semibold.otf */; };
		99C96C2A20E283B300974920 /* ProximaNova-Regular.otf in Resources */ = {isa = PBXBuildFile; fileRef = 99C96C2620E283B200974920 /* ProximaNova-Regular.otf */; };
		99C96C2B20E283B300974920 /* ProximaNova-Light.otf in Resources */ = {isa = PBXBuildFile; fileRef = 99C96C2720E283B200974920 /* ProximaNova-Light.otf */; };
		99C96C2C20E283B300974920 /* ProximaNova-Bold.otf in Resources */ = {isa = PBXBuildFile; fileRef = 99C96C2820E283B200974920 /* ProximaNova-Bold.otf */; };
		99C96C3020E2861800974920 /* UIFontAdditions.swift in Sources */ = {isa = PBXBuildFile; fileRef = 99C96C2F20E2861800974920 /* UIFontAdditions.swift */; };
		99C96C3220E2862800974920 /* UIColorAdditions.swift in Sources */ = {isa = PBXBuildFile; fileRef = 99C96C3120E2862800974920 /* UIColorAdditions.swift */; };
		99C96C3820E297CB00974920 /* BaseNavigationController.swift in Sources */ = {isa = PBXBuildFile; fileRef = 99C96C3720E297CB00974920 /* BaseNavigationController.swift */; };
		99C96C3A20E297F800974920 /* BaseViewController.swift in Sources */ = {isa = PBXBuildFile; fileRef = 99C96C3920E297F800974920 /* BaseViewController.swift */; };
		99C96C3C20E2980900974920 /* BaseTableViewController.swift in Sources */ = {isa = PBXBuildFile; fileRef = 99C96C3B20E2980900974920 /* BaseTableViewController.swift */; };
		99C96C3E20E298D400974920 /* ForecastTableViewController.swift in Sources */ = {isa = PBXBuildFile; fileRef = 99C96C3D20E298D400974920 /* ForecastTableViewController.swift */; };
		99C96C4020E2996400974920 /* TabBarController.swift in Sources */ = {isa = PBXBuildFile; fileRef = 99C96C3F20E2996400974920 /* TabBarController.swift */; };
		99C96C4220E29B7200974920 /* AccessorizedLabelView.swift in Sources */ = {isa = PBXBuildFile; fileRef = 99C96C4120E29B7200974920 /* AccessorizedLabelView.swift */; };
		99C96C4420E2A19100974920 /* LocationManager.swift in Sources */ = {isa = PBXBuildFile; fileRef = 99C96C4320E2A19100974920 /* LocationManager.swift */; };
		99C96C4620E2A3B600974920 /* NSErrorAdditions.swift in Sources */ = {isa = PBXBuildFile; fileRef = 99C96C4520E2A3B600974920 /* NSErrorAdditions.swift */; };
		99C96C4820E2A45100974920 /* NetworkClient.swift in Sources */ = {isa = PBXBuildFile; fileRef = 99C96C4720E2A45100974920 /* NetworkClient.swift */; };
		99C96C4A20E2A83100974920 /* CurrentWeather.swift in Sources */ = {isa = PBXBuildFile; fileRef = 99C96C4920E2A83100974920 /* CurrentWeather.swift */; };
		99C96C4C20E2BC4000974920 /* Helpers.swift in Sources */ = {isa = PBXBuildFile; fileRef = 99C96C4B20E2BC4000974920 /* Helpers.swift */; };
		99C96C4E20E2C3A000974920 /* ForecastTableViewCell.swift in Sources */ = {isa = PBXBuildFile; fileRef = 99C96C4D20E2C3A000974920 /* ForecastTableViewCell.swift */; };
		99C96C5020E2C87300974920 /* DailyForecast.swift in Sources */ = {isa = PBXBuildFile; fileRef = 99C96C4F20E2C87300974920 /* DailyForecast.swift */; };
		99C96C5220E2CF2A00974920 /* DayIdentifier.swift in Sources */ = {isa = PBXBuildFile; fileRef = 99C96C5120E2CF2A00974920 /* DayIdentifier.swift */; };
		99C96C5420E2D1AC00974920 /* ForecastTableViewHeaderView.swift in Sources */ = {isa = PBXBuildFile; fileRef = 99C96C5320E2D1AC00974920 /* ForecastTableViewHeaderView.swift */; };
/* End PBXBuildFile section */

/* Begin PBXContainerItemProxy section */
		997F991520E37D2C00E95159 /* PBXContainerItemProxy */ = {
			isa = PBXContainerItemProxy;
			containerPortal = 99C96BF920E281BC00974920 /* Project object */;
			proxyType = 1;
			remoteGlobalIDString = 99C96C0020E281BC00974920;
			remoteInfo = STRVWeather;
		};
/* End PBXContainerItemProxy section */

/* Begin PBXFileReference section */
		0A2C66717461A797F5CA80C4 /* Pods_STRVWeather.framework */ = {isa = PBXFileReference; explicitFileType = wrapper.framework; includeInIndex = 0; path = Pods_STRVWeather.framework; sourceTree = BUILT_PRODUCTS_DIR; };
		29C9C20A8BBFC52CA39C27A2 /* Pods-STRVWeather.release.xcconfig */ = {isa = PBXFileReference; includeInIndex = 1; lastKnownFileType = text.xcconfig; name = "Pods-STRVWeather.release.xcconfig"; path = "Pods/Target Support Files/Pods-STRVWeather/Pods-STRVWeather.release.xcconfig"; sourceTree = "<group>"; };
		394406B90788B4A98F17E6F9 /* Pods-STRVWeather.debug.xcconfig */ = {isa = PBXFileReference; includeInIndex = 1; lastKnownFileType = text.xcconfig; name = "Pods-STRVWeather.debug.xcconfig"; path = "Pods/Target Support Files/Pods-STRVWeather/Pods-STRVWeather.debug.xcconfig"; sourceTree = "<group>"; };
		997F991020E37D2C00E95159 /* STRVWeatherTests.xctest */ = {isa = PBXFileReference; explicitFileType = wrapper.cfbundle; includeInIndex = 0; path = STRVWeatherTests.xctest; sourceTree = BUILT_PRODUCTS_DIR; };
		997F991220E37D2C00E95159 /* STRVWeatherTests.swift */ = {isa = PBXFileReference; lastKnownFileType = sourcecode.swift; path = STRVWeatherTests.swift; sourceTree = "<group>"; };
		997F991420E37D2C00E95159 /* Info.plist */ = {isa = PBXFileReference; lastKnownFileType = text.plist.xml; path = Info.plist; sourceTree = "<group>"; };
		997F991A20E38D7200E95159 /* Log.swift */ = {isa = PBXFileReference; lastKnownFileType = sourcecode.swift; path = Log.swift; sourceTree = "<group>"; };
		997F991D20E3B62A00E95159 /* RealmManager.swift */ = {isa = PBXFileReference; lastKnownFileType = sourcecode.swift; path = RealmManager.swift; sourceTree = "<group>"; };
		997F992120E4391C00E95159 /* GoogleService-Info.plist */ = {isa = PBXFileReference; fileEncoding = 4; lastKnownFileType = text.plist.xml; path = "GoogleService-Info.plist"; sourceTree = "<group>"; };
		99C96C0120E281BC00974920 /* STRVWeather.app */ = {isa = PBXFileReference; explicitFileType = wrapper.application; includeInIndex = 0; path = STRVWeather.app; sourceTree = BUILT_PRODUCTS_DIR; };
		99C96C0420E281BC00974920 /* AppDelegate.swift */ = {isa = PBXFileReference; lastKnownFileType = sourcecode.swift; path = AppDelegate.swift; sourceTree = "<group>"; };
		99C96C0620E281BC00974920 /* TodayViewController.swift */ = {isa = PBXFileReference; lastKnownFileType = sourcecode.swift; path = TodayViewController.swift; sourceTree = "<group>"; };
		99C96C0920E281BC00974920 /* Base */ = {isa = PBXFileReference; lastKnownFileType = file.storyboard; name = Base; path = Base.lproj/Main.storyboard; sourceTree = "<group>"; };
		99C96C0B20E281BD00974920 /* Assets.xcassets */ = {isa = PBXFileReference; lastKnownFileType = folder.assetcatalog; path = Assets.xcassets; sourceTree = "<group>"; };
		99C96C0E20E281BD00974920 /* Base */ = {isa = PBXFileReference; lastKnownFileType = file.storyboard; name = Base; path = Base.lproj/LaunchScreen.storyboard; sourceTree = "<group>"; };
		99C96C1020E281BD00974920 /* Info.plist */ = {isa = PBXFileReference; lastKnownFileType = text.plist.xml; path = Info.plist; sourceTree = "<group>"; };
		99C96C2520E283B200974920 /* ProximaNova-Semibold.otf */ = {isa = PBXFileReference; lastKnownFileType = file; path = "ProximaNova-Semibold.otf"; sourceTree = "<group>"; };
		99C96C2620E283B200974920 /* ProximaNova-Regular.otf */ = {isa = PBXFileReference; lastKnownFileType = file; path = "ProximaNova-Regular.otf"; sourceTree = "<group>"; };
		99C96C2720E283B200974920 /* ProximaNova-Light.otf */ = {isa = PBXFileReference; lastKnownFileType = file; path = "ProximaNova-Light.otf"; sourceTree = "<group>"; };
		99C96C2820E283B200974920 /* ProximaNova-Bold.otf */ = {isa = PBXFileReference; lastKnownFileType = file; path = "ProximaNova-Bold.otf"; sourceTree = "<group>"; };
		99C96C2F20E2861800974920 /* UIFontAdditions.swift */ = {isa = PBXFileReference; lastKnownFileType = sourcecode.swift; path = UIFontAdditions.swift; sourceTree = "<group>"; };
		99C96C3120E2862800974920 /* UIColorAdditions.swift */ = {isa = PBXFileReference; lastKnownFileType = sourcecode.swift; path = UIColorAdditions.swift; sourceTree = "<group>"; };
		99C96C3720E297CB00974920 /* BaseNavigationController.swift */ = {isa = PBXFileReference; lastKnownFileType = sourcecode.swift; path = BaseNavigationController.swift; sourceTree = "<group>"; };
		99C96C3920E297F800974920 /* BaseViewController.swift */ = {isa = PBXFileReference; lastKnownFileType = sourcecode.swift; path = BaseViewController.swift; sourceTree = "<group>"; };
		99C96C3B20E2980900974920 /* BaseTableViewController.swift */ = {isa = PBXFileReference; lastKnownFileType = sourcecode.swift; path = BaseTableViewController.swift; sourceTree = "<group>"; };
		99C96C3D20E298D400974920 /* ForecastTableViewController.swift */ = {isa = PBXFileReference; lastKnownFileType = sourcecode.swift; path = ForecastTableViewController.swift; sourceTree = "<group>"; };
		99C96C3F20E2996400974920 /* TabBarController.swift */ = {isa = PBXFileReference; lastKnownFileType = sourcecode.swift; path = TabBarController.swift; sourceTree = "<group>"; };
		99C96C4120E29B7200974920 /* AccessorizedLabelView.swift */ = {isa = PBXFileReference; lastKnownFileType = sourcecode.swift; path = AccessorizedLabelView.swift; sourceTree = "<group>"; };
		99C96C4320E2A19100974920 /* LocationManager.swift */ = {isa = PBXFileReference; lastKnownFileType = sourcecode.swift; path = LocationManager.swift; sourceTree = "<group>"; };
		99C96C4520E2A3B600974920 /* NSErrorAdditions.swift */ = {isa = PBXFileReference; lastKnownFileType = sourcecode.swift; path = NSErrorAdditions.swift; sourceTree = "<group>"; };
		99C96C4720E2A45100974920 /* NetworkClient.swift */ = {isa = PBXFileReference; lastKnownFileType = sourcecode.swift; path = NetworkClient.swift; sourceTree = "<group>"; };
		99C96C4920E2A83100974920 /* CurrentWeather.swift */ = {isa = PBXFileReference; lastKnownFileType = sourcecode.swift; path = CurrentWeather.swift; sourceTree = "<group>"; };
		99C96C4B20E2BC4000974920 /* Helpers.swift */ = {isa = PBXFileReference; lastKnownFileType = sourcecode.swift; path = Helpers.swift; sourceTree = "<group>"; };
		99C96C4D20E2C3A000974920 /* ForecastTableViewCell.swift */ = {isa = PBXFileReference; lastKnownFileType = sourcecode.swift; path = ForecastTableViewCell.swift; sourceTree = "<group>"; };
		99C96C4F20E2C87300974920 /* DailyForecast.swift */ = {isa = PBXFileReference; lastKnownFileType = sourcecode.swift; path = DailyForecast.swift; sourceTree = "<group>"; };
		99C96C5120E2CF2A00974920 /* DayIdentifier.swift */ = {isa = PBXFileReference; lastKnownFileType = sourcecode.swift; path = DayIdentifier.swift; sourceTree = "<group>"; };
		99C96C5320E2D1AC00974920 /* ForecastTableViewHeaderView.swift */ = {isa = PBXFileReference; lastKnownFileType = sourcecode.swift; path = ForecastTableViewHeaderView.swift; sourceTree = "<group>"; };
/* End PBXFileReference section */

/* Begin PBXFrameworksBuildPhase section */
		997F990D20E37D2C00E95159 /* Frameworks */ = {
			isa = PBXFrameworksBuildPhase;
			buildActionMask = 2147483647;
			files = (
			);
			runOnlyForDeploymentPostprocessing = 0;
		};
		99C96BFE20E281BC00974920 /* Frameworks */ = {
			isa = PBXFrameworksBuildPhase;
			buildActionMask = 2147483647;
			files = (
				2F7A78A7FD33552AF183B2B4 /* Pods_STRVWeather.framework in Frameworks */,
			);
			runOnlyForDeploymentPostprocessing = 0;
		};
/* End PBXFrameworksBuildPhase section */

/* Begin PBXGroup section */
		00F8B8818683D03369F5895D /* Frameworks */ = {
			isa = PBXGroup;
			children = (
				0A2C66717461A797F5CA80C4 /* Pods_STRVWeather.framework */,
			);
			name = Frameworks;
			sourceTree = "<group>";
		};
		997F991120E37D2C00E95159 /* STRVWeatherTests */ = {
			isa = PBXGroup;
			children = (
				997F991220E37D2C00E95159 /* STRVWeatherTests.swift */,
				997F991420E37D2C00E95159 /* Info.plist */,
			);
			path = STRVWeatherTests;
			sourceTree = "<group>";
		};
		99C96BF820E281BC00974920 = {
			isa = PBXGroup;
			children = (
				99C96C0320E281BC00974920 /* STRVWeather */,
				997F991120E37D2C00E95159 /* STRVWeatherTests */,
				99C96C0220E281BC00974920 /* Products */,
				CC40CB5773D3DE604FE0765F /* Pods */,
				00F8B8818683D03369F5895D /* Frameworks */,
			);
			sourceTree = "<group>";
		};
		99C96C0220E281BC00974920 /* Products */ = {
			isa = PBXGroup;
			children = (
				99C96C0120E281BC00974920 /* STRVWeather.app */,
				997F991020E37D2C00E95159 /* STRVWeatherTests.xctest */,
			);
			name = Products;
			sourceTree = "<group>";
		};
		99C96C0320E281BC00974920 /* STRVWeather */ = {
			isa = PBXGroup;
			children = (
				99C96C1C20E2820C00974920 /* Resources */,
				99C96C1B20E2820500974920 /* Delegates */,
				99C96C1A20E281FE00974920 /* Models */,
				99C96C1920E281FA00974920 /* Views */,
				99C96C1820E281F200974920 /* Controllers */,
				99C96C1720E281E400974920 /* Extensions */,
				99C96C1620E281DC00974920 /* Managers */,
				99C96C1020E281BD00974920 /* Info.plist */,
				997F992120E4391C00E95159 /* GoogleService-Info.plist */,
				997F991A20E38D7200E95159 /* Log.swift */,
			);
			path = STRVWeather;
			sourceTree = "<group>";
		};
		99C96C1620E281DC00974920 /* Managers */ = {
			isa = PBXGroup;
			children = (
				99C96C4320E2A19100974920 /* LocationManager.swift */,
				99C96C4720E2A45100974920 /* NetworkClient.swift */,
				997F991D20E3B62A00E95159 /* RealmManager.swift */,
			);
			path = Managers;
			sourceTree = "<group>";
		};
		99C96C1720E281E400974920 /* Extensions */ = {
			isa = PBXGroup;
			children = (
				99C96C2F20E2861800974920 /* UIFontAdditions.swift */,
				99C96C3120E2862800974920 /* UIColorAdditions.swift */,
				99C96C4520E2A3B600974920 /* NSErrorAdditions.swift */,
			);
			path = Extensions;
			sourceTree = "<group>";
		};
		99C96C1820E281F200974920 /* Controllers */ = {
			isa = PBXGroup;
			children = (
				99C96C3D20E298D400974920 /* ForecastTableViewController.swift */,
				99C96C0620E281BC00974920 /* TodayViewController.swift */,
				99C96C1E20E282D200974920 /* Common */,
				99C96C1D20E282C200974920 /* TabBarController */,
			);
			path = Controllers;
			sourceTree = "<group>";
		};
		99C96C1920E281FA00974920 /* Views */ = {
			isa = PBXGroup;
			children = (
				99C96C2120E2830400974920 /* Cells */,
				99C96C2020E282F700974920 /* HeaderFooterViews */,
				99C96C1F20E282E600974920 /* Modular */,
			);
			path = Views;
			sourceTree = "<group>";
		};
		99C96C1A20E281FE00974920 /* Models */ = {
			isa = PBXGroup;
			children = (
				99C96C4920E2A83100974920 /* CurrentWeather.swift */,
				99C96C4B20E2BC4000974920 /* Helpers.swift */,
				99C96C4F20E2C87300974920 /* DailyForecast.swift */,
				99C96C5120E2CF2A00974920 /* DayIdentifier.swift */,
			);
			path = Models;
			sourceTree = "<group>";
		};
		99C96C1B20E2820500974920 /* Delegates */ = {
			isa = PBXGroup;
			children = (
				99C96C0420E281BC00974920 /* AppDelegate.swift */,
			);
			path = Delegates;
			sourceTree = "<group>";
		};
		99C96C1C20E2820C00974920 /* Resources */ = {
			isa = PBXGroup;
			children = (
				99C96C0B20E281BD00974920 /* Assets.xcassets */,
				99C96C2320E2831B00974920 /* Fonts */,
				99C96C2220E2831100974920 /* Storyboards */,
			);
			path = Resources;
			sourceTree = "<group>";
		};
		99C96C1D20E282C200974920 /* TabBarController */ = {
			isa = PBXGroup;
			children = (
				99C96C3F20E2996400974920 /* TabBarController.swift */,
			);
			path = TabBarController;
			sourceTree = "<group>";
		};
		99C96C1E20E282D200974920 /* Common */ = {
			isa = PBXGroup;
			children = (
				99C96C3720E297CB00974920 /* BaseNavigationController.swift */,
				99C96C3920E297F800974920 /* BaseViewController.swift */,
				99C96C3B20E2980900974920 /* BaseTableViewController.swift */,
			);
			path = Common;
			sourceTree = "<group>";
		};
		99C96C1F20E282E600974920 /* Modular */ = {
			isa = PBXGroup;
			children = (
				99C96C4120E29B7200974920 /* AccessorizedLabelView.swift */,
			);
			path = Modular;
			sourceTree = "<group>";
		};
		99C96C2020E282F700974920 /* HeaderFooterViews */ = {
			isa = PBXGroup;
			children = (
				99C96C5320E2D1AC00974920 /* ForecastTableViewHeaderView.swift */,
			);
			path = HeaderFooterViews;
			sourceTree = "<group>";
		};
		99C96C2120E2830400974920 /* Cells */ = {
			isa = PBXGroup;
			children = (
				99C96C4D20E2C3A000974920 /* ForecastTableViewCell.swift */,
			);
			path = Cells;
			sourceTree = "<group>";
		};
		99C96C2220E2831100974920 /* Storyboards */ = {
			isa = PBXGroup;
			children = (
				99C96C0820E281BC00974920 /* Main.storyboard */,
				99C96C0D20E281BD00974920 /* LaunchScreen.storyboard */,
			);
			path = Storyboards;
			sourceTree = "<group>";
		};
		99C96C2320E2831B00974920 /* Fonts */ = {
			isa = PBXGroup;
			children = (
				99C96C2420E2839F00974920 /* ProximaNova */,
			);
			path = Fonts;
			sourceTree = "<group>";
		};
		99C96C2420E2839F00974920 /* ProximaNova */ = {
			isa = PBXGroup;
			children = (
				99C96C2820E283B200974920 /* ProximaNova-Bold.otf */,
				99C96C2720E283B200974920 /* ProximaNova-Light.otf */,
				99C96C2620E283B200974920 /* ProximaNova-Regular.otf */,
				99C96C2520E283B200974920 /* ProximaNova-Semibold.otf */,
			);
			path = ProximaNova;
			sourceTree = "<group>";
		};
		CC40CB5773D3DE604FE0765F /* Pods */ = {
			isa = PBXGroup;
			children = (
				394406B90788B4A98F17E6F9 /* Pods-STRVWeather.debug.xcconfig */,
				29C9C20A8BBFC52CA39C27A2 /* Pods-STRVWeather.release.xcconfig */,
			);
			name = Pods;
			sourceTree = "<group>";
		};
/* End PBXGroup section */

/* Begin PBXNativeTarget section */
		997F990F20E37D2C00E95159 /* STRVWeatherTests */ = {
			isa = PBXNativeTarget;
			buildConfigurationList = 997F991920E37D2C00E95159 /* Build configuration list for PBXNativeTarget "STRVWeatherTests" */;
			buildPhases = (
				997F990C20E37D2C00E95159 /* Sources */,
				997F990D20E37D2C00E95159 /* Frameworks */,
				997F990E20E37D2C00E95159 /* Resources */,
			);
			buildRules = (
			);
			dependencies = (
				997F991620E37D2C00E95159 /* PBXTargetDependency */,
			);
			name = STRVWeatherTests;
			productName = STRVWeatherTests;
			productReference = 997F991020E37D2C00E95159 /* STRVWeatherTests.xctest */;
			productType = "com.apple.product-type.bundle.unit-test";
		};
		99C96C0020E281BC00974920 /* STRVWeather */ = {
			isa = PBXNativeTarget;
			buildConfigurationList = 99C96C1320E281BD00974920 /* Build configuration list for PBXNativeTarget "STRVWeather" */;
			buildPhases = (
				81601C13E84667E493FFA6EA /* [CP] Check Pods Manifest.lock */,
				99C96BFD20E281BC00974920 /* Sources */,
				99C96BFE20E281BC00974920 /* Frameworks */,
				99C96BFF20E281BC00974920 /* Resources */,
				CF511124E46527AE43947027 /* [CP] Embed Pods Frameworks */,
			);
			buildRules = (
			);
			dependencies = (
			);
			name = STRVWeather;
			productName = STRVWeather;
			productReference = 99C96C0120E281BC00974920 /* STRVWeather.app */;
			productType = "com.apple.product-type.application";
		};
/* End PBXNativeTarget section */

/* Begin PBXProject section */
		99C96BF920E281BC00974920 /* Project object */ = {
			isa = PBXProject;
			attributes = {
				LastSwiftUpdateCheck = 0930;
				LastUpgradeCheck = 0930;
				ORGANIZATIONNAME = yusuf_kildan;
				TargetAttributes = {
					997F990F20E37D2C00E95159 = {
						CreatedOnToolsVersion = 9.3;
						TestTargetID = 99C96C0020E281BC00974920;
					};
					99C96C0020E281BC00974920 = {
						CreatedOnToolsVersion = 9.3;
					};
				};
			};
			buildConfigurationList = 99C96BFC20E281BC00974920 /* Build configuration list for PBXProject "STRVWeather" */;
			compatibilityVersion = "Xcode 9.3";
			developmentRegion = en;
			hasScannedForEncodings = 0;
			knownRegions = (
				en,
				Base,
			);
			mainGroup = 99C96BF820E281BC00974920;
			productRefGroup = 99C96C0220E281BC00974920 /* Products */;
			projectDirPath = "";
			projectRoot = "";
			targets = (
				99C96C0020E281BC00974920 /* STRVWeather */,
				997F990F20E37D2C00E95159 /* STRVWeatherTests */,
			);
		};
/* End PBXProject section */

/* Begin PBXResourcesBuildPhase section */
		997F990E20E37D2C00E95159 /* Resources */ = {
			isa = PBXResourcesBuildPhase;
			buildActionMask = 2147483647;
			files = (
			);
			runOnlyForDeploymentPostprocessing = 0;
		};
		99C96BFF20E281BC00974920 /* Resources */ = {
			isa = PBXResourcesBuildPhase;
			buildActionMask = 2147483647;
			files = (
				99C96C0F20E281BD00974920 /* LaunchScreen.storyboard in Resources */,
				99C96C2A20E283B300974920 /* ProximaNova-Regular.otf in Resources */,
				997F992220E4391C00E95159 /* GoogleService-Info.plist in Resources */,
				99C96C2C20E283B300974920 /* ProximaNova-Bold.otf in Resources */,
				99C96C0C20E281BD00974920 /* Assets.xcassets in Resources */,
				99C96C0A20E281BC00974920 /* Main.storyboard in Resources */,
				99C96C2920E283B300974920 /* ProximaNova-Semibold.otf in Resources */,
				99C96C2B20E283B300974920 /* ProximaNova-Light.otf in Resources */,
			);
			runOnlyForDeploymentPostprocessing = 0;
		};
/* End PBXResourcesBuildPhase section */

/* Begin PBXShellScriptBuildPhase section */
		81601C13E84667E493FFA6EA /* [CP] Check Pods Manifest.lock */ = {
			isa = PBXShellScriptBuildPhase;
			buildActionMask = 2147483647;
			files = (
			);
			inputPaths = (
				"${PODS_PODFILE_DIR_PATH}/Podfile.lock",
				"${PODS_ROOT}/Manifest.lock",
			);
			name = "[CP] Check Pods Manifest.lock";
			outputPaths = (
				"$(DERIVED_FILE_DIR)/Pods-STRVWeather-checkManifestLockResult.txt",
			);
			runOnlyForDeploymentPostprocessing = 0;
			shellPath = /bin/sh;
			shellScript = "diff \"${PODS_PODFILE_DIR_PATH}/Podfile.lock\" \"${PODS_ROOT}/Manifest.lock\" > /dev/null\nif [ $? != 0 ] ; then\n    # print error to STDERR\n    echo \"error: The sandbox is not in sync with the Podfile.lock. Run 'pod install' or update your CocoaPods installation.\" >&2\n    exit 1\nfi\n# This output is used by Xcode 'outputs' to avoid re-running this script phase.\necho \"SUCCESS\" > \"${SCRIPT_OUTPUT_FILE_0}\"\n";
			showEnvVarsInLog = 0;
		};
		CF511124E46527AE43947027 /* [CP] Embed Pods Frameworks */ = {
			isa = PBXShellScriptBuildPhase;
			buildActionMask = 2147483647;
			files = (
			);
			inputPaths = (
				"${SRCROOT}/Pods/Target Support Files/Pods-STRVWeather/Pods-STRVWeather-frameworks.sh",
				"${BUILT_PRODUCTS_DIR}/Alamofire/Alamofire.framework",
				"${BUILT_PRODUCTS_DIR}/GoogleToolboxForMac/GoogleToolboxForMac.framework",
				"${BUILT_PRODUCTS_DIR}/PureLayout/PureLayout.framework",
				"${BUILT_PRODUCTS_DIR}/Realm/Realm.framework",
				"${BUILT_PRODUCTS_DIR}/RealmSwift/RealmSwift.framework",
				"${BUILT_PRODUCTS_DIR}/SwiftyBeaver/SwiftyBeaver.framework",
				"${BUILT_PRODUCTS_DIR}/SwiftyJSON/SwiftyJSON.framework",
				"${BUILT_PRODUCTS_DIR}/leveldb-library/leveldb.framework",
				"${BUILT_PRODUCTS_DIR}/nanopb/nanopb.framework",
			);
			name = "[CP] Embed Pods Frameworks";
			outputPaths = (
				"${TARGET_BUILD_DIR}/${FRAMEWORKS_FOLDER_PATH}/Alamofire.framework",
				"${TARGET_BUILD_DIR}/${FRAMEWORKS_FOLDER_PATH}/GoogleToolboxForMac.framework",
				"${TARGET_BUILD_DIR}/${FRAMEWORKS_FOLDER_PATH}/PureLayout.framework",
				"${TARGET_BUILD_DIR}/${FRAMEWORKS_FOLDER_PATH}/Realm.framework",
				"${TARGET_BUILD_DIR}/${FRAMEWORKS_FOLDER_PATH}/RealmSwift.framework",
				"${TARGET_BUILD_DIR}/${FRAMEWORKS_FOLDER_PATH}/SwiftyBeaver.framework",
				"${TARGET_BUILD_DIR}/${FRAMEWORKS_FOLDER_PATH}/SwiftyJSON.framework",
				"${TARGET_BUILD_DIR}/${FRAMEWORKS_FOLDER_PATH}/leveldb.framework",
				"${TARGET_BUILD_DIR}/${FRAMEWORKS_FOLDER_PATH}/nanopb.framework",
			);
			runOnlyForDeploymentPostprocessing = 0;
			shellPath = /bin/sh;
			shellScript = "\"${SRCROOT}/Pods/Target Support Files/Pods-STRVWeather/Pods-STRVWeather-frameworks.sh\"\n";
			showEnvVarsInLog = 0;
		};
/* End PBXShellScriptBuildPhase section */

/* Begin PBXSourcesBuildPhase section */
		997F990C20E37D2C00E95159 /* Sources */ = {
			isa = PBXSourcesBuildPhase;
			buildActionMask = 2147483647;
			files = (
				997F991320E37D2C00E95159 /* STRVWeatherTests.swift in Sources */,
			);
			runOnlyForDeploymentPostprocessing = 0;
		};
		99C96BFD20E281BC00974920 /* Sources */ = {
			isa = PBXSourcesBuildPhase;
			buildActionMask = 2147483647;
			files = (
				99C96C5020E2C87300974920 /* DailyForecast.swift in Sources */,
				99C96C4E20E2C3A000974920 /* ForecastTableViewCell.swift in Sources */,
				997F991B20E38D7200E95159 /* Log.swift in Sources */,
				99C96C0720E281BC00974920 /* TodayViewController.swift in Sources */,
				99C96C3220E2862800974920 /* UIColorAdditions.swift in Sources */,
				997F991E20E3B62A00E95159 /* RealmManager.swift in Sources */,
				99C96C3020E2861800974920 /* UIFontAdditions.swift in Sources */,
				99C96C4C20E2BC4000974920 /* Helpers.swift in Sources */,
				99C96C4420E2A19100974920 /* LocationManager.swift in Sources */,
				99C96C5220E2CF2A00974920 /* DayIdentifier.swift in Sources */,
				99C96C4020E2996400974920 /* TabBarController.swift in Sources */,
				99C96C3C20E2980900974920 /* BaseTableViewController.swift in Sources */,
				99C96C5420E2D1AC00974920 /* ForecastTableViewHeaderView.swift in Sources */,
				99C96C3820E297CB00974920 /* BaseNavigationController.swift in Sources */,
				99C96C0520E281BC00974920 /* AppDelegate.swift in Sources */,
				99C96C4820E2A45100974920 /* NetworkClient.swift in Sources */,
				99C96C3E20E298D400974920 /* ForecastTableViewController.swift in Sources */,
				99C96C4A20E2A83100974920 /* CurrentWeather.swift in Sources */,
				99C96C4220E29B7200974920 /* AccessorizedLabelView.swift in Sources */,
				99C96C3A20E297F800974920 /* BaseViewController.swift in Sources */,
				99C96C4620E2A3B600974920 /* NSErrorAdditions.swift in Sources */,
			);
			runOnlyForDeploymentPostprocessing = 0;
		};
/* End PBXSourcesBuildPhase section */

/* Begin PBXTargetDependency section */
		997F991620E37D2C00E95159 /* PBXTargetDependency */ = {
			isa = PBXTargetDependency;
			target = 99C96C0020E281BC00974920 /* STRVWeather */;
			targetProxy = 997F991520E37D2C00E95159 /* PBXContainerItemProxy */;
		};
/* End PBXTargetDependency section */

/* Begin PBXVariantGroup section */
		99C96C0820E281BC00974920 /* Main.storyboard */ = {
			isa = PBXVariantGroup;
			children = (
				99C96C0920E281BC00974920 /* Base */,
			);
			name = Main.storyboard;
			sourceTree = "<group>";
		};
		99C96C0D20E281BD00974920 /* LaunchScreen.storyboard */ = {
			isa = PBXVariantGroup;
			children = (
				99C96C0E20E281BD00974920 /* Base */,
			);
			name = LaunchScreen.storyboard;
			sourceTree = "<group>";
		};
/* End PBXVariantGroup section */

/* Begin XCBuildConfiguration section */
		997F991720E37D2C00E95159 /* Debug */ = {
			isa = XCBuildConfiguration;
			buildSettings = {
				BUNDLE_LOADER = "$(TEST_HOST)";
				CODE_SIGN_STYLE = Automatic;
				DEVELOPMENT_TEAM = TS6988L5X8;
				INFOPLIST_FILE = STRVWeatherTests/Info.plist;
				LD_RUNPATH_SEARCH_PATHS = (
					"$(inherited)",
					"@executable_path/Frameworks",
					"@loader_path/Frameworks",
				);
				PRODUCT_BUNDLE_IDENTIFIER = com.yusufkildan.STRVWeatherTests;
				PRODUCT_NAME = "$(TARGET_NAME)";
				SWIFT_VERSION = 4.0;
				TARGETED_DEVICE_FAMILY = "1,2";
				TEST_HOST = "$(BUILT_PRODUCTS_DIR)/STRVWeather.app/STRVWeather";
			};
			name = Debug;
		};
		997F991820E37D2C00E95159 /* Release */ = {
			isa = XCBuildConfiguration;
			buildSettings = {
				BUNDLE_LOADER = "$(TEST_HOST)";
				CODE_SIGN_STYLE = Automatic;
				DEVELOPMENT_TEAM = TS6988L5X8;
				INFOPLIST_FILE = STRVWeatherTests/Info.plist;
				LD_RUNPATH_SEARCH_PATHS = (
					"$(inherited)",
					"@executable_path/Frameworks",
					"@loader_path/Frameworks",
				);
				PRODUCT_BUNDLE_IDENTIFIER = com.yusufkildan.STRVWeatherTests;
				PRODUCT_NAME = "$(TARGET_NAME)";
				SWIFT_VERSION = 4.0;
				TARGETED_DEVICE_FAMILY = "1,2";
				TEST_HOST = "$(BUILT_PRODUCTS_DIR)/STRVWeather.app/STRVWeather";
			};
			name = Release;
		};
		99C96C1120E281BD00974920 /* Debug */ = {
			isa = XCBuildConfiguration;
			buildSettings = {
				ALWAYS_SEARCH_USER_PATHS = NO;
				CLANG_ANALYZER_NONNULL = YES;
				CLANG_ANALYZER_NUMBER_OBJECT_CONVERSION = YES_AGGRESSIVE;
				CLANG_CXX_LANGUAGE_STANDARD = "gnu++14";
				CLANG_CXX_LIBRARY = "libc++";
				CLANG_ENABLE_MODULES = YES;
				CLANG_ENABLE_OBJC_ARC = YES;
				CLANG_ENABLE_OBJC_WEAK = YES;
				CLANG_WARN_BLOCK_CAPTURE_AUTORELEASING = YES;
				CLANG_WARN_BOOL_CONVERSION = YES;
				CLANG_WARN_COMMA = YES;
				CLANG_WARN_CONSTANT_CONVERSION = YES;
				CLANG_WARN_DEPRECATED_OBJC_IMPLEMENTATIONS = YES;
				CLANG_WARN_DIRECT_OBJC_ISA_USAGE = YES_ERROR;
				CLANG_WARN_DOCUMENTATION_COMMENTS = YES;
				CLANG_WARN_EMPTY_BODY = YES;
				CLANG_WARN_ENUM_CONVERSION = YES;
				CLANG_WARN_INFINITE_RECURSION = YES;
				CLANG_WARN_INT_CONVERSION = YES;
				CLANG_WARN_NON_LITERAL_NULL_CONVERSION = YES;
				CLANG_WARN_OBJC_IMPLICIT_RETAIN_SELF = YES;
				CLANG_WARN_OBJC_LITERAL_CONVERSION = YES;
				CLANG_WARN_OBJC_ROOT_CLASS = YES_ERROR;
				CLANG_WARN_RANGE_LOOP_ANALYSIS = YES;
				CLANG_WARN_STRICT_PROTOTYPES = YES;
				CLANG_WARN_SUSPICIOUS_MOVE = YES;
				CLANG_WARN_UNGUARDED_AVAILABILITY = YES_AGGRESSIVE;
				CLANG_WARN_UNREACHABLE_CODE = YES;
				CLANG_WARN__DUPLICATE_METHOD_MATCH = YES;
				CODE_SIGN_IDENTITY = "iPhone Developer";
				COPY_PHASE_STRIP = NO;
				DEBUG_INFORMATION_FORMAT = dwarf;
				ENABLE_STRICT_OBJC_MSGSEND = YES;
				ENABLE_TESTABILITY = YES;
				GCC_C_LANGUAGE_STANDARD = gnu11;
				GCC_DYNAMIC_NO_PIC = NO;
				GCC_NO_COMMON_BLOCKS = YES;
				GCC_OPTIMIZATION_LEVEL = 0;
				GCC_PREPROCESSOR_DEFINITIONS = (
					"DEBUG=1",
					"$(inherited)",
				);
				GCC_WARN_64_TO_32_BIT_CONVERSION = YES;
				GCC_WARN_ABOUT_RETURN_TYPE = YES_ERROR;
				GCC_WARN_UNDECLARED_SELECTOR = YES;
				GCC_WARN_UNINITIALIZED_AUTOS = YES_AGGRESSIVE;
				GCC_WARN_UNUSED_FUNCTION = YES;
				GCC_WARN_UNUSED_VARIABLE = YES;
				IPHONEOS_DEPLOYMENT_TARGET = 11.3;
				MTL_ENABLE_DEBUG_INFO = YES;
				ONLY_ACTIVE_ARCH = YES;
				SDKROOT = iphoneos;
				SWIFT_ACTIVE_COMPILATION_CONDITIONS = DEBUG;
				SWIFT_OPTIMIZATION_LEVEL = "-Onone";
			};
			name = Debug;
		};
		99C96C1220E281BD00974920 /* Release */ = {
			isa = XCBuildConfiguration;
			buildSettings = {
				ALWAYS_SEARCH_USER_PATHS = NO;
				CLANG_ANALYZER_NONNULL = YES;
				CLANG_ANALYZER_NUMBER_OBJECT_CONVERSION = YES_AGGRESSIVE;
				CLANG_CXX_LANGUAGE_STANDARD = "gnu++14";
				CLANG_CXX_LIBRARY = "libc++";
				CLANG_ENABLE_MODULES = YES;
				CLANG_ENABLE_OBJC_ARC = YES;
				CLANG_ENABLE_OBJC_WEAK = YES;
				CLANG_WARN_BLOCK_CAPTURE_AUTORELEASING = YES;
				CLANG_WARN_BOOL_CONVERSION = YES;
				CLANG_WARN_COMMA = YES;
				CLANG_WARN_CONSTANT_CONVERSION = YES;
				CLANG_WARN_DEPRECATED_OBJC_IMPLEMENTATIONS = YES;
				CLANG_WARN_DIRECT_OBJC_ISA_USAGE = YES_ERROR;
				CLANG_WARN_DOCUMENTATION_COMMENTS = YES;
				CLANG_WARN_EMPTY_BODY = YES;
				CLANG_WARN_ENUM_CONVERSION = YES;
				CLANG_WARN_INFINITE_RECURSION = YES;
				CLANG_WARN_INT_CONVERSION = YES;
				CLANG_WARN_NON_LITERAL_NULL_CONVERSION = YES;
				CLANG_WARN_OBJC_IMPLICIT_RETAIN_SELF = YES;
				CLANG_WARN_OBJC_LITERAL_CONVERSION = YES;
				CLANG_WARN_OBJC_ROOT_CLASS = YES_ERROR;
				CLANG_WARN_RANGE_LOOP_ANALYSIS = YES;
				CLANG_WARN_STRICT_PROTOTYPES = YES;
				CLANG_WARN_SUSPICIOUS_MOVE = YES;
				CLANG_WARN_UNGUARDED_AVAILABILITY = YES_AGGRESSIVE;
				CLANG_WARN_UNREACHABLE_CODE = YES;
				CLANG_WARN__DUPLICATE_METHOD_MATCH = YES;
				CODE_SIGN_IDENTITY = "iPhone Developer";
				COPY_PHASE_STRIP = NO;
				DEBUG_INFORMATION_FORMAT = "dwarf-with-dsym";
				ENABLE_NS_ASSERTIONS = NO;
				ENABLE_STRICT_OBJC_MSGSEND = YES;
				GCC_C_LANGUAGE_STANDARD = gnu11;
				GCC_NO_COMMON_BLOCKS = YES;
				GCC_WARN_64_TO_32_BIT_CONVERSION = YES;
				GCC_WARN_ABOUT_RETURN_TYPE = YES_ERROR;
				GCC_WARN_UNDECLARED_SELECTOR = YES;
				GCC_WARN_UNINITIALIZED_AUTOS = YES_AGGRESSIVE;
				GCC_WARN_UNUSED_FUNCTION = YES;
				GCC_WARN_UNUSED_VARIABLE = YES;
				IPHONEOS_DEPLOYMENT_TARGET = 11.3;
				MTL_ENABLE_DEBUG_INFO = NO;
				SDKROOT = iphoneos;
				SWIFT_COMPILATION_MODE = wholemodule;
				SWIFT_OPTIMIZATION_LEVEL = "-O";
				VALIDATE_PRODUCT = YES;
			};
			name = Release;
		};
		99C96C1420E281BD00974920 /* Debug */ = {
			isa = XCBuildConfiguration;
			baseConfigurationReference = 394406B90788B4A98F17E6F9 /* Pods-STRVWeather.debug.xcconfig */;
			buildSettings = {
				ASSETCATALOG_COMPILER_APPICON_NAME = AppIcon;
				CODE_SIGN_STYLE = Automatic;
				DEVELOPMENT_TEAM = TS6988L5X8;
				INFOPLIST_FILE = STRVWeather/Info.plist;
				IPHONEOS_DEPLOYMENT_TARGET = 11.0;
				LD_RUNPATH_SEARCH_PATHS = (
					"$(inherited)",
					"@executable_path/Frameworks",
				);
				PRODUCT_BUNDLE_IDENTIFIER = com.yusufkildan.STRVWeather;
				PRODUCT_NAME = "$(TARGET_NAME)";
				SWIFT_VERSION = 4.0;
				TARGETED_DEVICE_FAMILY = 1;
			};
			name = Debug;
		};
		99C96C1520E281BD00974920 /* Release */ = {
			isa = XCBuildConfiguration;
			baseConfigurationReference = 29C9C20A8BBFC52CA39C27A2 /* Pods-STRVWeather.release.xcconfig */;
			buildSettings = {
				ASSETCATALOG_COMPILER_APPICON_NAME = AppIcon;
				CODE_SIGN_STYLE = Automatic;
				DEVELOPMENT_TEAM = TS6988L5X8;
				INFOPLIST_FILE = STRVWeather/Info.plist;
				IPHONEOS_DEPLOYMENT_TARGET = 11.0;
				LD_RUNPATH_SEARCH_PATHS = (
					"$(inherited)",
					"@executable_path/Frameworks",
				);
				PRODUCT_BUNDLE_IDENTIFIER = com.yusufkildan.STRVWeather;
				PRODUCT_NAME = "$(TARGET_NAME)";
				SWIFT_VERSION = 4.0;
				TARGETED_DEVICE_FAMILY = 1;
			};
			name = Release;
		};
/* End XCBuildConfiguration section */

/* Begin XCConfigurationList section */
		997F991920E37D2C00E95159 /* Build configuration list for PBXNativeTarget "STRVWeatherTests" */ = {
			isa = XCConfigurationList;
			buildConfigurations = (
				997F991720E37D2C00E95159 /* Debug */,
				997F991820E37D2C00E95159 /* Release */,
			);
			defaultConfigurationIsVisible = 0;
			defaultConfigurationName = Release;
		};
		99C96BFC20E281BC00974920 /* Build configuration list for PBXProject "STRVWeather" */ = {
			isa = XCConfigurationList;
			buildConfigurations = (
				99C96C1120E281BD00974920 /* Debug */,
				99C96C1220E281BD00974920 /* Release */,
			);
			defaultConfigurationIsVisible = 0;
			defaultConfigurationName = Release;
		};
		99C96C1320E281BD00974920 /* Build configuration list for PBXNativeTarget "STRVWeather" */ = {
			isa = XCConfigurationList;
			buildConfigurations = (
				99C96C1420E281BD00974920 /* Debug */,
				99C96C1520E281BD00974920 /* Release */,
			);
			defaultConfigurationIsVisible = 0;
			defaultConfigurationName = Release;
		};
/* End XCConfigurationList section */
	};
	rootObject = 99C96BF920E281BC00974920 /* Project object */;
}
